// !$*UTF8*$!
{
	archiveVersion = 1;
	classes = {
	};
	objectVersion = 55;
	objects = {

/* Begin PBXBuildFile section */
		B92DD9DF2870DF9C0033AB40 /* PosterView.swift in Sources */ = {isa = PBXBuildFile; fileRef = B92DD9DE2870DF9C0033AB40 /* PosterView.swift */; };
		B92DD9E12870DFAC0033AB40 /* MovieView.swift in Sources */ = {isa = PBXBuildFile; fileRef = B92DD9E02870DFAC0033AB40 /* MovieView.swift */; };
		B92DD9E32870E0B00033AB40 /* EmptyStateView.swift in Sources */ = {isa = PBXBuildFile; fileRef = B92DD9E22870E0B00033AB40 /* EmptyStateView.swift */; };
		B92DD9E52870E7730033AB40 /* PostViewModel.swift in Sources */ = {isa = PBXBuildFile; fileRef = B92DD9E42870E7730033AB40 /* PostViewModel.swift */; };
		B92DD9E72870E7AA0033AB40 /* DataModel.swift in Sources */ = {isa = PBXBuildFile; fileRef = B92DD9E62870E7AA0033AB40 /* DataModel.swift */; };
		B985154F2870928B00735595 /* MoviesApp.swift in Sources */ = {isa = PBXBuildFile; fileRef = B985154E2870928B00735595 /* MoviesApp.swift */; };
		B98515512870928B00735595 /* ContentView.swift in Sources */ = {isa = PBXBuildFile; fileRef = B98515502870928B00735595 /* ContentView.swift */; };
		B98515532870928B00735595 /* Assets.xcassets in Resources */ = {isa = PBXBuildFile; fileRef = B98515522870928B00735595 /* Assets.xcassets */; };
		B98515562870928B00735595 /* Preview Assets.xcassets in Resources */ = {isa = PBXBuildFile; fileRef = B98515552870928B00735595 /* Preview Assets.xcassets */; };
		B98515602870928C00735595 /* MoviesTests.swift in Sources */ = {isa = PBXBuildFile; fileRef = B985155F2870928C00735595 /* MoviesTests.swift */; };
		B985156A2870928C00735595 /* MoviesUITests.swift in Sources */ = {isa = PBXBuildFile; fileRef = B98515692870928C00735595 /* MoviesUITests.swift */; };
		B985156C2870928C00735595 /* MoviesUITestsLaunchTests.swift in Sources */ = {isa = PBXBuildFile; fileRef = B985156B2870928C00735595 /* MoviesUITestsLaunchTests.swift */; };
		B98515812870990500735595 /* Response.swift in Sources */ = {isa = PBXBuildFile; fileRef = B98515802870990500735595 /* Response.swift */; };
		B985158328709CD500735595 /* PosterListViewModel.swift in Sources */ = {isa = PBXBuildFile; fileRef = B985158228709CD500735595 /* PosterListViewModel.swift */; };
		B98515852870C0BE00735595 /* PosterImageLoader.swift in Sources */ = {isa = PBXBuildFile; fileRef = B98515842870C0BD00735595 /* PosterImageLoader.swift */; };
/* End PBXBuildFile section */

/* Begin PBXContainerItemProxy section */
		B985155C2870928C00735595 /* PBXContainerItemProxy */ = {
			isa = PBXContainerItemProxy;
			containerPortal = B98515432870928B00735595 /* Project object */;
			proxyType = 1;
			remoteGlobalIDString = B985154A2870928B00735595;
			remoteInfo = Movies;
		};
		B98515662870928C00735595 /* PBXContainerItemProxy */ = {
			isa = PBXContainerItemProxy;
			containerPortal = B98515432870928B00735595 /* Project object */;
			proxyType = 1;
			remoteGlobalIDString = B985154A2870928B00735595;
			remoteInfo = Movies;
		};
/* End PBXContainerItemProxy section */

/* Begin PBXFileReference section */
		B92DD9DE2870DF9C0033AB40 /* PosterView.swift */ = {isa = PBXFileReference; lastKnownFileType = sourcecode.swift; path = PosterView.swift; sourceTree = "<group>"; };
		B92DD9E02870DFAC0033AB40 /* MovieView.swift */ = {isa = PBXFileReference; lastKnownFileType = sourcecode.swift; path = MovieView.swift; sourceTree = "<group>"; };
		B92DD9E22870E0B00033AB40 /* EmptyStateView.swift */ = {isa = PBXFileReference; lastKnownFileType = sourcecode.swift; path = EmptyStateView.swift; sourceTree = "<group>"; };
		B92DD9E42870E7730033AB40 /* PostViewModel.swift */ = {isa = PBXFileReference; lastKnownFileType = sourcecode.swift; path = PostViewModel.swift; sourceTree = "<group>"; };
		B92DD9E62870E7AA0033AB40 /* DataModel.swift */ = {isa = PBXFileReference; lastKnownFileType = sourcecode.swift; path = DataModel.swift; sourceTree = "<group>"; };
		B985154B2870928B00735595 /* Movies.app */ = {isa = PBXFileReference; explicitFileType = wrapper.application; includeInIndex = 0; path = Movies.app; sourceTree = BUILT_PRODUCTS_DIR; };
		B985154E2870928B00735595 /* MoviesApp.swift */ = {isa = PBXFileReference; lastKnownFileType = sourcecode.swift; path = MoviesApp.swift; sourceTree = "<group>"; };
		B98515502870928B00735595 /* ContentView.swift */ = {isa = PBXFileReference; lastKnownFileType = sourcecode.swift; path = ContentView.swift; sourceTree = "<group>"; };
		B98515522870928B00735595 /* Assets.xcassets */ = {isa = PBXFileReference; lastKnownFileType = folder.assetcatalog; path = Assets.xcassets; sourceTree = "<group>"; };
		B98515552870928B00735595 /* Preview Assets.xcassets */ = {isa = PBXFileReference; lastKnownFileType = folder.assetcatalog; path = "Preview Assets.xcassets"; sourceTree = "<group>"; };
		B985155B2870928C00735595 /* MoviesTests.xctest */ = {isa = PBXFileReference; explicitFileType = wrapper.cfbundle; includeInIndex = 0; path = MoviesTests.xctest; sourceTree = BUILT_PRODUCTS_DIR; };
		B985155F2870928C00735595 /* MoviesTests.swift */ = {isa = PBXFileReference; lastKnownFileType = sourcecode.swift; path = MoviesTests.swift; sourceTree = "<group>"; };
		B98515652870928C00735595 /* MoviesUITests.xctest */ = {isa = PBXFileReference; explicitFileType = wrapper.cfbundle; includeInIndex = 0; path = MoviesUITests.xctest; sourceTree = BUILT_PRODUCTS_DIR; };
		B98515692870928C00735595 /* MoviesUITests.swift */ = {isa = PBXFileReference; lastKnownFileType = sourcecode.swift; path = MoviesUITests.swift; sourceTree = "<group>"; };
		B985156B2870928C00735595 /* MoviesUITestsLaunchTests.swift */ = {isa = PBXFileReference; lastKnownFileType = sourcecode.swift; path = MoviesUITestsLaunchTests.swift; sourceTree = "<group>"; };
		B98515802870990500735595 /* Response.swift */ = {isa = PBXFileReference; lastKnownFileType = sourcecode.swift; path = Response.swift; sourceTree = "<group>"; };
		B985158228709CD500735595 /* PosterListViewModel.swift */ = {isa = PBXFileReference; lastKnownFileType = sourcecode.swift; path = PosterListViewModel.swift; sourceTree = "<group>"; };
		B98515842870C0BD00735595 /* PosterImageLoader.swift */ = {isa = PBXFileReference; lastKnownFileType = sourcecode.swift; path = PosterImageLoader.swift; sourceTree = "<group>"; };
/* End PBXFileReference section */

/* Begin PBXFrameworksBuildPhase section */
		B98515482870928B00735595 /* Frameworks */ = {
			isa = PBXFrameworksBuildPhase;
			buildActionMask = 2147483647;
			files = (
			);
			runOnlyForDeploymentPostprocessing = 0;
		};
		B98515582870928C00735595 /* Frameworks */ = {
			isa = PBXFrameworksBuildPhase;
			buildActionMask = 2147483647;
			files = (
			);
			runOnlyForDeploymentPostprocessing = 0;
		};
		B98515622870928C00735595 /* Frameworks */ = {
			isa = PBXFrameworksBuildPhase;
			buildActionMask = 2147483647;
			files = (
			);
			runOnlyForDeploymentPostprocessing = 0;
		};
/* End PBXFrameworksBuildPhase section */

/* Begin PBXGroup section */
		B92DD9DD2870DF850033AB40 /* View */ = {
			isa = PBXGroup;
			children = (
				B98515502870928B00735595 /* ContentView.swift */,
				B92DD9DE2870DF9C0033AB40 /* PosterView.swift */,
				B92DD9E02870DFAC0033AB40 /* MovieView.swift */,
				B92DD9E22870E0B00033AB40 /* EmptyStateView.swift */,
			);
			path = View;
			sourceTree = "<group>";
		};
		B98515422870928B00735595 = {
			isa = PBXGroup;
			children = (
				B985154D2870928B00735595 /* Movies */,
				B985155E2870928C00735595 /* MoviesTests */,
				B98515682870928C00735595 /* MoviesUITests */,
				B985154C2870928B00735595 /* Products */,
			);
			sourceTree = "<group>";
		};
		B985154C2870928B00735595 /* Products */ = {
			isa = PBXGroup;
			children = (
				B985154B2870928B00735595 /* Movies.app */,
				B985155B2870928C00735595 /* MoviesTests.xctest */,
				B98515652870928C00735595 /* MoviesUITests.xctest */,
			);
			name = Products;
			sourceTree = "<group>";
		};
		B985154D2870928B00735595 /* Movies */ = {
			isa = PBXGroup;
			children = (
				B92DD9DD2870DF850033AB40 /* View */,
				B985157F287098F300735595 /* Model */,
				B9851578287094C100735595 /* View Model */,
				B985154E2870928B00735595 /* MoviesApp.swift */,
				B98515522870928B00735595 /* Assets.xcassets */,
				B98515542870928B00735595 /* Preview Content */,
			);
			path = Movies;
			sourceTree = "<group>";
		};
		B98515542870928B00735595 /* Preview Content */ = {
			isa = PBXGroup;
			children = (
				B98515552870928B00735595 /* Preview Assets.xcassets */,
			);
			path = "Preview Content";
			sourceTree = "<group>";
		};
		B985155E2870928C00735595 /* MoviesTests */ = {
			isa = PBXGroup;
			children = (
				B985155F2870928C00735595 /* MoviesTests.swift */,
			);
			path = MoviesTests;
			sourceTree = "<group>";
		};
		B98515682870928C00735595 /* MoviesUITests */ = {
			isa = PBXGroup;
			children = (
				B98515692870928C00735595 /* MoviesUITests.swift */,
				B985156B2870928C00735595 /* MoviesUITestsLaunchTests.swift */,
			);
			path = MoviesUITests;
			sourceTree = "<group>";
		};
		B9851578287094C100735595 /* View Model */ = {
			isa = PBXGroup;
			children = (
				B98515842870C0BD00735595 /* PosterImageLoader.swift */,
				B985158228709CD500735595 /* PosterListViewModel.swift */,
				B92DD9E42870E7730033AB40 /* PostViewModel.swift */,
			);
			path = "View Model";
			sourceTree = "<group>";
		};
		B985157F287098F300735595 /* Model */ = {
			isa = PBXGroup;
			children = (
				B98515802870990500735595 /* Response.swift */,
				B92DD9E62870E7AA0033AB40 /* DataModel.swift */,
			);
			path = Model;
			sourceTree = "<group>";
		};
/* End PBXGroup section */

/* Begin PBXNativeTarget section */
		B985154A2870928B00735595 /* Movies */ = {
			isa = PBXNativeTarget;
			buildConfigurationList = B985156F2870928C00735595 /* Build configuration list for PBXNativeTarget "Movies" */;
			buildPhases = (
				B98515472870928B00735595 /* Sources */,
				B98515482870928B00735595 /* Frameworks */,
				B98515492870928B00735595 /* Resources */,
			);
			buildRules = (
			);
			dependencies = (
			);
			name = Movies;
			productName = Movies;
			productReference = B985154B2870928B00735595 /* Movies.app */;
			productType = "com.apple.product-type.application";
		};
		B985155A2870928C00735595 /* MoviesTests */ = {
			isa = PBXNativeTarget;
			buildConfigurationList = B98515722870928C00735595 /* Build configuration list for PBXNativeTarget "MoviesTests" */;
			buildPhases = (
				B98515572870928C00735595 /* Sources */,
				B98515582870928C00735595 /* Frameworks */,
				B98515592870928C00735595 /* Resources */,
			);
			buildRules = (
			);
			dependencies = (
				B985155D2870928C00735595 /* PBXTargetDependency */,
			);
			name = MoviesTests;
			productName = MoviesTests;
			productReference = B985155B2870928C00735595 /* MoviesTests.xctest */;
			productType = "com.apple.product-type.bundle.unit-test";
		};
		B98515642870928C00735595 /* MoviesUITests */ = {
			isa = PBXNativeTarget;
			buildConfigurationList = B98515752870928C00735595 /* Build configuration list for PBXNativeTarget "MoviesUITests" */;
			buildPhases = (
				B98515612870928C00735595 /* Sources */,
				B98515622870928C00735595 /* Frameworks */,
				B98515632870928C00735595 /* Resources */,
			);
			buildRules = (
			);
			dependencies = (
				B98515672870928C00735595 /* PBXTargetDependency */,
			);
			name = MoviesUITests;
			productName = MoviesUITests;
			productReference = B98515652870928C00735595 /* MoviesUITests.xctest */;
			productType = "com.apple.product-type.bundle.ui-testing";
		};
/* End PBXNativeTarget section */

/* Begin PBXProject section */
		B98515432870928B00735595 /* Project object */ = {
			isa = PBXProject;
			attributes = {
				BuildIndependentTargetsInParallel = 1;
				LastSwiftUpdateCheck = 1320;
				LastUpgradeCheck = 1320;
				TargetAttributes = {
					B985154A2870928B00735595 = {
						CreatedOnToolsVersion = 13.2.1;
					};
					B985155A2870928C00735595 = {
						CreatedOnToolsVersion = 13.2.1;
						TestTargetID = B985154A2870928B00735595;
					};
					B98515642870928C00735595 = {
						CreatedOnToolsVersion = 13.2.1;
						TestTargetID = B985154A2870928B00735595;
					};
				};
			};
			buildConfigurationList = B98515462870928B00735595 /* Build configuration list for PBXProject "Movies" */;
			compatibilityVersion = "Xcode 13.0";
			developmentRegion = en;
			hasScannedForEncodings = 0;
			knownRegions = (
				en,
				Base,
			);
			mainGroup = B98515422870928B00735595;
			productRefGroup = B985154C2870928B00735595 /* Products */;
			projectDirPath = "";
			projectRoot = "";
			targets = (
				B985154A2870928B00735595 /* Movies */,
				B985155A2870928C00735595 /* MoviesTests */,
				B98515642870928C00735595 /* MoviesUITests */,
			);
		};
/* End PBXProject section */

/* Begin PBXResourcesBuildPhase section */
		B98515492870928B00735595 /* Resources */ = {
			isa = PBXResourcesBuildPhase;
			buildActionMask = 2147483647;
			files = (
				B98515562870928B00735595 /* Preview Assets.xcassets in Resources */,
				B98515532870928B00735595 /* Assets.xcassets in Resources */,
			);
			runOnlyForDeploymentPostprocessing = 0;
		};
		B98515592870928C00735595 /* Resources */ = {
			isa = PBXResourcesBuildPhase;
			buildActionMask = 2147483647;
			files = (
			);
			runOnlyForDeploymentPostprocessing = 0;
		};
		B98515632870928C00735595 /* Resources */ = {
			isa = PBXResourcesBuildPhase;
			buildActionMask = 2147483647;
			files = (
			);
			runOnlyForDeploymentPostprocessing = 0;
		};
/* End PBXResourcesBuildPhase section */

/* Begin PBXSourcesBuildPhase section */
		B98515472870928B00735595 /* Sources */ = {
			isa = PBXSourcesBuildPhase;
			buildActionMask = 2147483647;
			files = (
				B98515512870928B00735595 /* ContentView.swift in Sources */,
				B985154F2870928B00735595 /* MoviesApp.swift in Sources */,
				B92DD9E32870E0B00033AB40 /* EmptyStateView.swift in Sources */,
				B92DD9E12870DFAC0033AB40 /* MovieView.swift in Sources */,
				B985158328709CD500735595 /* PosterListViewModel.swift in Sources */,
				B92DD9E72870E7AA0033AB40 /* DataModel.swift in Sources */,
				B98515852870C0BE00735595 /* PosterImageLoader.swift in Sources */,
				B92DD9E52870E7730033AB40 /* PostViewModel.swift in Sources */,
				B98515812870990500735595 /* Response.swift in Sources */,
				B92DD9DF2870DF9C0033AB40 /* PosterView.swift in Sources */,
			);
			runOnlyForDeploymentPostprocessing = 0;
		};
		B98515572870928C00735595 /* Sources */ = {
			isa = PBXSourcesBuildPhase;
			buildActionMask = 2147483647;
			files = (
				B98515602870928C00735595 /* MoviesTests.swift in Sources */,
			);
			runOnlyForDeploymentPostprocessing = 0;
		};
		B98515612870928C00735595 /* Sources */ = {
			isa = PBXSourcesBuildPhase;
			buildActionMask = 2147483647;
			files = (
				B985156A2870928C00735595 /* MoviesUITests.swift in Sources */,
				B985156C2870928C00735595 /* MoviesUITestsLaunchTests.swift in Sources */,
			);
			runOnlyForDeploymentPostprocessing = 0;
		};
/* End PBXSourcesBuildPhase section */

/* Begin PBXTargetDependency section */
		B985155D2870928C00735595 /* PBXTargetDependency */ = {
			isa = PBXTargetDependency;
			target = B985154A2870928B00735595 /* Movies */;
			targetProxy = B985155C2870928C00735595 /* PBXContainerItemProxy */;
		};
		B98515672870928C00735595 /* PBXTargetDependency */ = {
			isa = PBXTargetDependency;
			target = B985154A2870928B00735595 /* Movies */;
			targetProxy = B98515662870928C00735595 /* PBXContainerItemProxy */;
		};
/* End PBXTargetDependency section */

/* Begin XCBuildConfiguration section */
		B985156D2870928C00735595 /* Debug */ = {
			isa = XCBuildConfiguration;
			buildSettings = {
				ALWAYS_SEARCH_USER_PATHS = NO;
				CLANG_ANALYZER_NONNULL = YES;
				CLANG_ANALYZER_NUMBER_OBJECT_CONVERSION = YES_AGGRESSIVE;
				CLANG_CXX_LANGUAGE_STANDARD = "gnu++17";
				CLANG_CXX_LIBRARY = "libc++";
				CLANG_ENABLE_MODULES = YES;
				CLANG_ENABLE_OBJC_ARC = YES;
				CLANG_ENABLE_OBJC_WEAK = YES;
				CLANG_WARN_BLOCK_CAPTURE_AUTORELEASING = YES;
				CLANG_WARN_BOOL_CONVERSION = YES;
				CLANG_WARN_COMMA = YES;
				CLANG_WARN_CONSTANT_CONVERSION = YES;
				CLANG_WARN_DEPRECATED_OBJC_IMPLEMENTATIONS = YES;
				CLANG_WARN_DIRECT_OBJC_ISA_USAGE = YES_ERROR;
				CLANG_WARN_DOCUMENTATION_COMMENTS = YES;
				CLANG_WARN_EMPTY_BODY = YES;
				CLANG_WARN_ENUM_CONVERSION = YES;
				CLANG_WARN_INFINITE_RECURSION = YES;
				CLANG_WARN_INT_CONVERSION = YES;
				CLANG_WARN_NON_LITERAL_NULL_CONVERSION = YES;
				CLANG_WARN_OBJC_IMPLICIT_RETAIN_SELF = YES;
				CLANG_WARN_OBJC_LITERAL_CONVERSION = YES;
				CLANG_WARN_OBJC_ROOT_CLASS = YES_ERROR;
				CLANG_WARN_QUOTED_INCLUDE_IN_FRAMEWORK_HEADER = YES;
				CLANG_WARN_RANGE_LOOP_ANALYSIS = YES;
				CLANG_WARN_STRICT_PROTOTYPES = YES;
				CLANG_WARN_SUSPICIOUS_MOVE = YES;
				CLANG_WARN_UNGUARDED_AVAILABILITY = YES_AGGRESSIVE;
				CLANG_WARN_UNREACHABLE_CODE = YES;
				CLANG_WARN__DUPLICATE_METHOD_MATCH = YES;
				COPY_PHASE_STRIP = NO;
				DEBUG_INFORMATION_FORMAT = dwarf;
				ENABLE_STRICT_OBJC_MSGSEND = YES;
				ENABLE_TESTABILITY = YES;
				GCC_C_LANGUAGE_STANDARD = gnu11;
				GCC_DYNAMIC_NO_PIC = NO;
				GCC_NO_COMMON_BLOCKS = YES;
				GCC_OPTIMIZATION_LEVEL = 0;
				GCC_PREPROCESSOR_DEFINITIONS = (
					"DEBUG=1",
					"$(inherited)",
				);
				GCC_WARN_64_TO_32_BIT_CONVERSION = YES;
				GCC_WARN_ABOUT_RETURN_TYPE = YES_ERROR;
				GCC_WARN_UNDECLARED_SELECTOR = YES;
				GCC_WARN_UNINITIALIZED_AUTOS = YES_AGGRESSIVE;
				GCC_WARN_UNUSED_FUNCTION = YES;
				GCC_WARN_UNUSED_VARIABLE = YES;
				IPHONEOS_DEPLOYMENT_TARGET = 15.2;
				MTL_ENABLE_DEBUG_INFO = INCLUDE_SOURCE;
				MTL_FAST_MATH = YES;
				ONLY_ACTIVE_ARCH = YES;
				SDKROOT = iphoneos;
				SWIFT_ACTIVE_COMPILATION_CONDITIONS = DEBUG;
				SWIFT_OPTIMIZATION_LEVEL = "-Onone";
			};
			name = Debug;
		};
		B985156E2870928C00735595 /* Release */ = {
			isa = XCBuildConfiguration;
			buildSettings = {
				ALWAYS_SEARCH_USER_PATHS = NO;
				CLANG_ANALYZER_NONNULL = YES;
				CLANG_ANALYZER_NUMBER_OBJECT_CONVERSION = YES_AGGRESSIVE;
				CLANG_CXX_LANGUAGE_STANDARD = "gnu++17";
				CLANG_CXX_LIBRARY = "libc++";
				CLANG_ENABLE_MODULES = YES;
				CLANG_ENABLE_OBJC_ARC = YES;
				CLANG_ENABLE_OBJC_WEAK = YES;
				CLANG_WARN_BLOCK_CAPTURE_AUTORELEASING = YES;
				CLANG_WARN_BOOL_CONVERSION = YES;
				CLANG_WARN_COMMA = YES;
				CLANG_WARN_CONSTANT_CONVERSION = YES;
				CLANG_WARN_DEPRECATED_OBJC_IMPLEMENTATIONS = YES;
				CLANG_WARN_DIRECT_OBJC_ISA_USAGE = YES_ERROR;
				CLANG_WARN_DOCUMENTATION_COMMENTS = YES;
				CLANG_WARN_EMPTY_BODY = YES;
				CLANG_WARN_ENUM_CONVERSION = YES;
				CLANG_WARN_INFINITE_RECURSION = YES;
				CLANG_WARN_INT_CONVERSION = YES;
				CLANG_WARN_NON_LITERAL_NULL_CONVERSION = YES;
				CLANG_WARN_OBJC_IMPLICIT_RETAIN_SELF = YES;
				CLANG_WARN_OBJC_LITERAL_CONVERSION = YES;
				CLANG_WARN_OBJC_ROOT_CLASS = YES_ERROR;
				CLANG_WARN_QUOTED_INCLUDE_IN_FRAMEWORK_HEADER = YES;
				CLANG_WARN_RANGE_LOOP_ANALYSIS = YES;
				CLANG_WARN_STRICT_PROTOTYPES = YES;
				CLANG_WARN_SUSPICIOUS_MOVE = YES;
				CLANG_WARN_UNGUARDED_AVAILABILITY = YES_AGGRESSIVE;
				CLANG_WARN_UNREACHABLE_CODE = YES;
				CLANG_WARN__DUPLICATE_METHOD_MATCH = YES;
				COPY_PHASE_STRIP = NO;
				DEBUG_INFORMATION_FORMAT = "dwarf-with-dsym";
				ENABLE_NS_ASSERTIONS = NO;
				ENABLE_STRICT_OBJC_MSGSEND = YES;
				GCC_C_LANGUAGE_STANDARD = gnu11;
				GCC_NO_COMMON_BLOCKS = YES;
				GCC_WARN_64_TO_32_BIT_CONVERSION = YES;
				GCC_WARN_ABOUT_RETURN_TYPE = YES_ERROR;
				GCC_WARN_UNDECLARED_SELECTOR = YES;
				GCC_WARN_UNINITIALIZED_AUTOS = YES_AGGRESSIVE;
				GCC_WARN_UNUSED_FUNCTION = YES;
				GCC_WARN_UNUSED_VARIABLE = YES;
				IPHONEOS_DEPLOYMENT_TARGET = 15.2;
				MTL_ENABLE_DEBUG_INFO = NO;
				MTL_FAST_MATH = YES;
				SDKROOT = iphoneos;
				SWIFT_COMPILATION_MODE = wholemodule;
				SWIFT_OPTIMIZATION_LEVEL = "-O";
				VALIDATE_PRODUCT = YES;
			};
			name = Release;
		};
		B98515702870928C00735595 /* Debug */ = {
			isa = XCBuildConfiguration;
			buildSettings = {
				ASSETCATALOG_COMPILER_APPICON_NAME = AppIcon;
				ASSETCATALOG_COMPILER_GLOBAL_ACCENT_COLOR_NAME = AccentColor;
				CODE_SIGN_STYLE = Automatic;
				CURRENT_PROJECT_VERSION = 1;
				DEVELOPMENT_ASSET_PATHS = "\"Movies/Preview Content\"";
				ENABLE_PREVIEWS = YES;
				GENERATE_INFOPLIST_FILE = YES;
				INFOPLIST_KEY_UIApplicationSceneManifest_Generation = YES;
				INFOPLIST_KEY_UIApplicationSupportsIndirectInputEvents = YES;
				INFOPLIST_KEY_UILaunchScreen_Generation = YES;
				INFOPLIST_KEY_UISupportedInterfaceOrientations_iPad = "UIInterfaceOrientationPortrait UIInterfaceOrientationPortraitUpsideDown UIInterfaceOrientationLandscapeLeft UIInterfaceOrientationLandscapeRight";
				INFOPLIST_KEY_UISupportedInterfaceOrientations_iPhone = "UIInterfaceOrientationPortrait UIInterfaceOrientationLandscapeLeft UIInterfaceOrientationLandscapeRight";
				LD_RUNPATH_SEARCH_PATHS = (
					"$(inherited)",
					"@executable_path/Frameworks",
				);
				MARKETING_VERSION = 1.0;
				PRODUCT_BUNDLE_IDENTIFIER = com.brainstation.test.Movies;
				PRODUCT_NAME = "$(TARGET_NAME)";
				SWIFT_EMIT_LOC_STRINGS = YES;
				SWIFT_VERSION = 5.0;
				TARGETED_DEVICE_FAMILY = "1,2";
			};
			name = Debug;
		};
		B98515712870928C00735595 /* Release */ = {
			isa = XCBuildConfiguration;
			buildSettings = {
				ASSETCATALOG_COMPILER_APPICON_NAME = AppIcon;
				ASSETCATALOG_COMPILER_GLOBAL_ACCENT_COLOR_NAME = AccentColor;
				CODE_SIGN_STYLE = Automatic;
				CURRENT_PROJECT_VERSION = 1;
				DEVELOPMENT_ASSET_PATHS = "\"Movies/Preview Content\"";
				ENABLE_PREVIEWS = YES;
				GENERATE_INFOPLIST_FILE = YES;
				INFOPLIST_KEY_UIApplicationSceneManifest_Generation = YES;
				INFOPLIST_KEY_UIApplicationSupportsIndirectInputEvents = YES;
				INFOPLIST_KEY_UILaunchScreen_Generation = YES;
				INFOPLIST_KEY_UISupportedInterfaceOrientations_iPad = "UIInterfaceOrientationPortrait UIInterfaceOrientationPortraitUpsideDown UIInterfaceOrientationLandscapeLeft UIInterfaceOrientationLandscapeRight";
				INFOPLIST_KEY_UISupportedInterfaceOrientations_iPhone = "UIInterfaceOrientationPortrait UIInterfaceOrientationLandscapeLeft UIInterfaceOrientationLandscapeRight";
				LD_RUNPATH_SEARCH_PATHS = (
					"$(inherited)",
					"@executable_path/Frameworks",
				);
				MARKETING_VERSION = 1.0;
				PRODUCT_BUNDLE_IDENTIFIER = com.brainstation.test.Movies;
				PRODUCT_NAME = "$(TARGET_NAME)";
				SWIFT_EMIT_LOC_STRINGS = YES;
				SWIFT_VERSION = 5.0;
				TARGETED_DEVICE_FAMILY = "1,2";
			};
			name = Release;
		};
		B98515732870928C00735595 /* Debug */ = {
			isa = XCBuildConfiguration;
			buildSettings = {
				ALWAYS_EMBED_SWIFT_STANDARD_LIBRARIES = YES;
				BUNDLE_LOADER = "$(TEST_HOST)";
				CODE_SIGN_STYLE = Automatic;
				CURRENT_PROJECT_VERSION = 1;
				GENERATE_INFOPLIST_FILE = YES;
				IPHONEOS_DEPLOYMENT_TARGET = 15.2;
				MARKETING_VERSION = 1.0;
				PRODUCT_BUNDLE_IDENTIFIER = com.brainstation.test.MoviesTests;
				PRODUCT_NAME = "$(TARGET_NAME)";
				SWIFT_EMIT_LOC_STRINGS = NO;
				SWIFT_VERSION = 5.0;
				TARGETED_DEVICE_FAMILY = "1,2";
				TEST_HOST = "$(BUILT_PRODUCTS_DIR)/Movies.app/Movies";
			};
			name = Debug;
		};
		B98515742870928C00735595 /* Release */ = {
			isa = XCBuildConfiguration;
			buildSettings = {
				ALWAYS_EMBED_SWIFT_STANDARD_LIBRARIES = YES;
				BUNDLE_LOADER = "$(TEST_HOST)";
				CODE_SIGN_STYLE = Automatic;
				CURRENT_PROJECT_VERSION = 1;
				GENERATE_INFOPLIST_FILE = YES;
				IPHONEOS_DEPLOYMENT_TARGET = 15.2;
				MARKETING_VERSION = 1.0;
				PRODUCT_BUNDLE_IDENTIFIER = com.brainstation.test.MoviesTests;
				PRODUCT_NAME = "$(TARGET_NAME)";
				SWIFT_EMIT_LOC_STRINGS = NO;
				SWIFT_VERSION = 5.0;
				TARGETED_DEVICE_FAMILY = "1,2";
				TEST_HOST = "$(BUILT_PRODUCTS_DIR)/Movies.app/Movies";
			};
			name = Release;
		};
		B98515762870928C00735595 /* Debug */ = {
			isa = XCBuildConfiguration;
			buildSettings = {
				ALWAYS_EMBED_SWIFT_STANDARD_LIBRARIES = YES;
				CODE_SIGN_STYLE = Automatic;
				CURRENT_PROJECT_VERSION = 1;
				GENERATE_INFOPLIST_FILE = YES;
				MARKETING_VERSION = 1.0;
				PRODUCT_BUNDLE_IDENTIFIER = com.brainstation.test.MoviesUITests;
				PRODUCT_NAME = "$(TARGET_NAME)";
				SWIFT_EMIT_LOC_STRINGS = NO;
				SWIFT_VERSION = 5.0;
				TARGETED_DEVICE_FAMILY = "1,2";
				TEST_TARGET_NAME = Movies;
			};
			name = Debug;
		};
		B98515772870928C00735595 /* Release */ = {
			isa = XCBuildConfiguration;
			buildSettings = {
				ALWAYS_EMBED_SWIFT_STANDARD_LIBRARIES = YES;
				CODE_SIGN_STYLE = Automatic;
				CURRENT_PROJECT_VERSION = 1;
				GENERATE_INFOPLIST_FILE = YES;
				MARKETING_VERSION = 1.0;
				PRODUCT_BUNDLE_IDENTIFIER = com.brainstation.test.MoviesUITests;
				PRODUCT_NAME = "$(TARGET_NAME)";
				SWIFT_EMIT_LOC_STRINGS = NO;
				SWIFT_VERSION = 5.0;
				TARGETED_DEVICE_FAMILY = "1,2";
				TEST_TARGET_NAME = Movies;
			};
			name = Release;
		};
/* End XCBuildConfiguration section */

/* Begin XCConfigurationList section */
		B98515462870928B00735595 /* Build configuration list for PBXProject "Movies" */ = {
			isa = XCConfigurationList;
			buildConfigurations = (
				B985156D2870928C00735595 /* Debug */,
				B985156E2870928C00735595 /* Release */,
			);
			defaultConfigurationIsVisible = 0;
			defaultConfigurationName = Release;
		};
		B985156F2870928C00735595 /* Build configuration list for PBXNativeTarget "Movies" */ = {
			isa = XCConfigurationList;
			buildConfigurations = (
				B98515702870928C00735595 /* Debug */,
				B98515712870928C00735595 /* Release */,
			);
			defaultConfigurationIsVisible = 0;
			defaultConfigurationName = Release;
		};
		B98515722870928C00735595 /* Build configuration list for PBXNativeTarget "MoviesTests" */ = {
			isa = XCConfigurationList;
			buildConfigurations = (
				B98515732870928C00735595 /* Debug */,
				B98515742870928C00735595 /* Release */,
			);
			defaultConfigurationIsVisible = 0;
			defaultConfigurationName = Release;
		};
		B98515752870928C00735595 /* Build configuration list for PBXNativeTarget "MoviesUITests" */ = {
			isa = XCConfigurationList;
			buildConfigurations = (
				B98515762870928C00735595 /* Debug */,
				B98515772870928C00735595 /* Release */,
			);
			defaultConfigurationIsVisible = 0;
			defaultConfigurationName = Release;
		};
/* End XCConfigurationList section */
	};
	rootObject = B98515432870928B00735595 /* Project object */;
}
